
Microsoft Visual Studio Solution File, Format Version 12.00
# Visual Studio Version 17
VisualStudioVersion = 17.14.36616.10 d17.14
MinimumVisualStudioVersion = 10.0.40219.1
Project("{FAE04EC0-301F-11D3-BF4B-00C04F79EFBC}") = "Krizzix", "Krizzix\Krizzix.csproj", "{FF539027-82BE-4E28-90F8-4D152F04AE3A}"
EndProject
Global
	GlobalSection(SolutionConfigurationPlatforms) = preSolution
		Debug|Any CPU = Debug|Any CPU
		Release|Any CPU = Release|Any CPU
	EndGlobalSection
	GlobalSection(ProjectConfigurationPlatforms) = postSolution
		{FF539027-82BE-4E28-90F8-4D152F04AE3A}.Debug|Any CPU.ActiveCfg = Debug|Any CPU
		{FF539027-82BE-4E28-90F8-4D152F04AE3A}.Debug|Any CPU.Build.0 = Debug|Any CPU
		{FF539027-82BE-4E28-90F8-4D152F04AE3A}.Release|Any CPU.ActiveCfg = Release|Any CPU
		{FF539027-82BE-4E28-90F8-4D152F04AE3A}.Release|Any CPU.Build.0 = Release|Any CPU
	EndGlobalSection
	GlobalSection(SolutionProperties) = preSolution
		HideSolutionNode = FALSE
	EndGlobalSection
	GlobalSection(ExtensibilityGlobals) = postSolution
		SolutionGuid = {2F7AC506-7BD0-4384-904D-565E9D888C86}
	EndGlobalSection
EndGlobal
